
Microsoft Visual Studio Solution File, Format Version 11.00
# Visual Studio 2010
Project("{FAE04EC0-301F-11D3-BF4B-00C04F79EFBC}") = "Sitecore.SharedSource.CloningManager", "Website\Sitecore.SharedSource.CloningManager.csproj", "{DDDD2060-579A-48F0-9E6B-34239343D0BB}"
EndProject
Project("{FAE04EC0-301F-11D3-BF4B-00C04F79EFBC}") = "Sitecore.SharedSource.CloningManager.Core", "Sitecore.SharedSource.CloningManager.Core\Sitecore.SharedSource.CloningManager.Core.csproj", "{15B96D73-6F6C-4A44-A0F9-E7F0A9764D93}"
EndProject
Project("{CAA73BB0-EF22-4D79-A57E-DF67B3BA9C80}") = "CloningManager.TDS.Core", "CloningManager.TDS.Core\CloningManager.TDS.Core.scproj", "{5C416A2E-3DCC-41AB-9BA8-B87CCE013B2D}"
EndProject
Global
	GlobalSection(SolutionConfigurationPlatforms) = preSolution
		Debug|Any CPU = Debug|Any CPU
		Release|Any CPU = Release|Any CPU
	EndGlobalSection
	GlobalSection(ProjectConfigurationPlatforms) = postSolution
		{DDDD2060-579A-48F0-9E6B-34239343D0BB}.Debug|Any CPU.ActiveCfg = Debug|Any CPU
		{DDDD2060-579A-48F0-9E6B-34239343D0BB}.Debug|Any CPU.Build.0 = Debug|Any CPU
		{DDDD2060-579A-48F0-9E6B-34239343D0BB}.Release|Any CPU.ActiveCfg = Release|Any CPU
		{DDDD2060-579A-48F0-9E6B-34239343D0BB}.Release|Any CPU.Build.0 = Release|Any CPU
		{15B96D73-6F6C-4A44-A0F9-E7F0A9764D93}.Debug|Any CPU.ActiveCfg = Debug|Any CPU
		{15B96D73-6F6C-4A44-A0F9-E7F0A9764D93}.Debug|Any CPU.Build.0 = Debug|Any CPU
		{15B96D73-6F6C-4A44-A0F9-E7F0A9764D93}.Release|Any CPU.ActiveCfg = Release|Any CPU
		{15B96D73-6F6C-4A44-A0F9-E7F0A9764D93}.Release|Any CPU.Build.0 = Release|Any CPU
		{5C416A2E-3DCC-41AB-9BA8-B87CCE013B2D}.Debug|Any CPU.ActiveCfg = Debug|Any CPU
		{5C416A2E-3DCC-41AB-9BA8-B87CCE013B2D}.Debug|Any CPU.Build.0 = Debug|Any CPU
		{5C416A2E-3DCC-41AB-9BA8-B87CCE013B2D}.Debug|Any CPU.Deploy.0 = Debug|Any CPU
		{5C416A2E-3DCC-41AB-9BA8-B87CCE013B2D}.Release|Any CPU.ActiveCfg = Release|Any CPU
		{5C416A2E-3DCC-41AB-9BA8-B87CCE013B2D}.Release|Any CPU.Build.0 = Release|Any CPU
		{5C416A2E-3DCC-41AB-9BA8-B87CCE013B2D}.Release|Any CPU.Deploy.0 = Release|Any CPU
	EndGlobalSection
	GlobalSection(SolutionProperties) = preSolution
		HideSolutionNode = FALSE
	EndGlobalSection
EndGlobal
